
Microsoft Visual Studio Solution File, Format Version 12.00
# Visual Studio Version 16
VisualStudioVersion = 16.0.29920.165
MinimumVisualStudioVersion = 10.0.40219.1
Project("{8BC9CEB8-8B4A-11D0-8D11-00A0C91BC942}") = "assignment1", "assignment1.vcxproj", "{6CE02F50-7B97-4BD1-8BBD-4B806B3C0065}"
EndProject
Global
	GlobalSection(SolutionConfigurationPlatforms) = preSolution
		Debug|x64 = Debug|x64
		Debug|x86 = Debug|x86
		Release|x64 = Release|x64
		Release|x86 = Release|x86
	EndGlobalSection
	GlobalSection(ProjectConfigurationPlatforms) = postSolution
		{6CE02F50-7B97-4BD1-8BBD-4B806B3C0065}.Debug|x64.ActiveCfg = Debug|x64
		{6CE02F50-7B97-4BD1-8BBD-4B806B3C0065}.Debug|x64.Build.0 = Debug|x64
		{6CE02F50-7B97-4BD1-8BBD-4B806B3C0065}.Debug|x86.ActiveCfg = Debug|Win32
		{6CE02F50-7B97-4BD1-8BBD-4B806B3C0065}.Debug|x86.Build.0 = Debug|Win32
		{6CE02F50-7B97-4BD1-8BBD-4B806B3C0065}.Release|x64.ActiveCfg = Release|x64
		{6CE02F50-7B97-4BD1-8BBD-4B806B3C0065}.Release|x64.Build.0 = Release|x64
		{6CE02F50-7B97-4BD1-8BBD-4B806B3C0065}.Release|x86.ActiveCfg = Release|Win32
		{6CE02F50-7B97-4BD1-8BBD-4B806B3C0065}.Release|x86.Build.0 = Release|Win32
	EndGlobalSection
	GlobalSection(SolutionProperties) = preSolution
		HideSolutionNode = FALSE
	EndGlobalSection
	GlobalSection(ExtensibilityGlobals) = postSolution
		SolutionGuid = {C09445EC-BE81-43F0-BBDB-6E1A42C83017}
	EndGlobalSection
EndGlobal
